// !$*UTF8*$!
{
	archiveVersion = 1;
	classes = {
	};
	objectVersion = 56;
	objects = {

/* Begin PBXBuildFile section */
		27020DE428F6C49C00C94312 /* CrateApp.swift in Sources */ = {isa = PBXBuildFile; fileRef = 27020DE328F6C49C00C94312 /* CrateApp.swift */; };
		27020DE628F6C49C00C94312 /* HomeView.swift in Sources */ = {isa = PBXBuildFile; fileRef = 27020DE528F6C49C00C94312 /* HomeView.swift */; };
		27020DE828F6C49C00C94312 /* Assets.xcassets in Resources */ = {isa = PBXBuildFile; fileRef = 27020DE728F6C49C00C94312 /* Assets.xcassets */; };
		27020DEB28F6C49C00C94312 /* Preview Assets.xcassets in Resources */ = {isa = PBXBuildFile; fileRef = 27020DEA28F6C49C00C94312 /* Preview Assets.xcassets */; };
		27020DFB28F6C49C00C94312 /* CrateTests.swift in Sources */ = {isa = PBXBuildFile; fileRef = 27020DFA28F6C49C00C94312 /* CrateTests.swift */; };
		27020E0528F6C49C00C94312 /* CrateUITests.swift in Sources */ = {isa = PBXBuildFile; fileRef = 27020E0428F6C49C00C94312 /* CrateUITests.swift */; };
		27020E0728F6C49C00C94312 /* CrateUITestsLaunchTests.swift in Sources */ = {isa = PBXBuildFile; fileRef = 27020E0628F6C49C00C94312 /* CrateUITestsLaunchTests.swift */; };
		27020E1428F6D39A00C94312 /* ImagePicker.swift in Sources */ = {isa = PBXBuildFile; fileRef = 27020E1328F6D39A00C94312 /* ImagePicker.swift */; };
		27020E1628F6D88C00C94312 /* ImageReview.swift in Sources */ = {isa = PBXBuildFile; fileRef = 27020E1528F6D88C00C94312 /* ImageReview.swift */; };
		27020E1A28F6D8C800C94312 /* represent.jpeg in Resources */ = {isa = PBXBuildFile; fileRef = 27020E1828F6D8C800C94312 /* represent.jpeg */; };
		27020E1C28F75F6000C94312 /* PersonSegmenter.swift in Sources */ = {isa = PBXBuildFile; fileRef = 27020E1B28F75F6000C94312 /* PersonSegmenter.swift */; };
		27020E1E28F75FE500C94312 /* ImageProcessor.swift in Sources */ = {isa = PBXBuildFile; fileRef = 27020E1D28F75FE500C94312 /* ImageProcessor.swift */; };
		27020E2128F762F800C94312 /* UIImage+Extensions.swift in Sources */ = {isa = PBXBuildFile; fileRef = 27020E2028F762F800C94312 /* UIImage+Extensions.swift */; };
		27020E2428F7680600C94312 /* Notification+Extensions.swift in Sources */ = {isa = PBXBuildFile; fileRef = 27020E2328F7680600C94312 /* Notification+Extensions.swift */; };
		270953F9291A9D4100645133 /* UIColor+Hex.swift in Sources */ = {isa = PBXBuildFile; fileRef = 270953F8291A9D4100645133 /* UIColor+Hex.swift */; };
		275203532917D60D0076C4B5 /* HomeSettingsView.swift in Sources */ = {isa = PBXBuildFile; fileRef = 275203522917D60D0076C4B5 /* HomeSettingsView.swift */; };
		275203592917F8050076C4B5 /* Introspect in Frameworks */ = {isa = PBXBuildFile; productRef = 275203582917F8050076C4B5 /* Introspect */; };
		2752035C291876360076C4B5 /* PanModal in Frameworks */ = {isa = PBXBuildFile; productRef = 2752035B291876360076C4B5 /* PanModal */; };
		2752035E2918766E0076C4B5 /* FullScreenHostingController.swift in Sources */ = {isa = PBXBuildFile; fileRef = 2752035D2918766E0076C4B5 /* FullScreenHostingController.swift */; };
		27748E3628FCB87C00013857 /* EmojiTextField.swift in Sources */ = {isa = PBXBuildFile; fileRef = 27748E3528FCB87C00013857 /* EmojiTextField.swift */; };
		278F956928FD82920052D319 /* CGRect+Extensions.swift in Sources */ = {isa = PBXBuildFile; fileRef = 278F956828FD82920052D319 /* CGRect+Extensions.swift */; };
		27A4452328FD5DFB00BBB91D /* outfit.jpeg in Resources */ = {isa = PBXBuildFile; fileRef = 27A4452228FD5DFB00BBB91D /* outfit.jpeg */; };
		27A8EEA128FC1252004DDCE9 /* IMG_2923.PNG in Resources */ = {isa = PBXBuildFile; fileRef = 27A8EEA028FC1252004DDCE9 /* IMG_2923.PNG */; };
		27A8EEA328FC1267004DDCE9 /* TextProcessor.swift in Sources */ = {isa = PBXBuildFile; fileRef = 27A8EEA228FC1267004DDCE9 /* TextProcessor.swift */; };
		27A8EEA528FC3B98004DDCE9 /* ImageReviewViewModel.swift in Sources */ = {isa = PBXBuildFile; fileRef = 27A8EEA428FC3B98004DDCE9 /* ImageReviewViewModel.swift */; };
		27A8EEA728FC9CE3004DDCE9 /* FolderSelectionView.swift in Sources */ = {isa = PBXBuildFile; fileRef = 27A8EEA628FC9CE3004DDCE9 /* FolderSelectionView.swift */; };
		27A8EEA928FCAF7C004DDCE9 /* FolderCreationView.swift in Sources */ = {isa = PBXBuildFile; fileRef = 27A8EEA828FCAF7C004DDCE9 /* FolderCreationView.swift */; };
		27AB590D2919929F00F4DB62 /* ImagePinchToZoom.swift in Sources */ = {isa = PBXBuildFile; fileRef = 27AB590C2919929F00F4DB62 /* ImagePinchToZoom.swift */; };
		27AB590F291A770600F4DB62 /* FolderDetailView.swift in Sources */ = {isa = PBXBuildFile; fileRef = 27AB590E291A770600F4DB62 /* FolderDetailView.swift */; };
		27AB5911291A951800F4DB62 /* Modal.swift in Sources */ = {isa = PBXBuildFile; fileRef = 27AB5910291A951800F4DB62 /* Modal.swift */; };
		27AB5913291A979B00F4DB62 /* UINavigationController+Back.swift in Sources */ = {isa = PBXBuildFile; fileRef = 27AB5912291A979B00F4DB62 /* UINavigationController+Back.swift */; };
		27AB5916291A98DA00F4DB62 /* PartialModalHostingController.swift in Sources */ = {isa = PBXBuildFile; fileRef = 27AB5915291A98DA00F4DB62 /* PartialModalHostingController.swift */; };
		27D604CB28FDF25F00B4B3F2 /* CancelToolbarButton.swift in Sources */ = {isa = PBXBuildFile; fileRef = 27D604CA28FDF25F00B4B3F2 /* CancelToolbarButton.swift */; };
		27DBE9E828F8655E00B27850 /* Folder.swift in Sources */ = {isa = PBXBuildFile; fileRef = 27DBE9E728F8655E00B27850 /* Folder.swift */; };
		27DBE9EB28F8658400B27850 /* Separator.swift in Sources */ = {isa = PBXBuildFile; fileRef = 27DBE9EA28F8658400B27850 /* Separator.swift */; };
		27DBE9EE28F8669400B27850 /* ImageStorage.swift in Sources */ = {isa = PBXBuildFile; fileRef = 27DBE9ED28F8669400B27850 /* ImageStorage.swift */; };
		27DBE9F028F8A70D00B27850 /* Color+Codable.swift in Sources */ = {isa = PBXBuildFile; fileRef = 27DBE9EF28F8A70D00B27850 /* Color+Codable.swift */; };
		27DBE9F228F8AAE800B27850 /* ImagePayload.swift in Sources */ = {isa = PBXBuildFile; fileRef = 27DBE9F128F8AAE800B27850 /* ImagePayload.swift */; };
		27DBE9F628F8BB9100B27850 /* ImageDetailView.swift in Sources */ = {isa = PBXBuildFile; fileRef = 27DBE9F528F8BB9100B27850 /* ImageDetailView.swift */; };
		27DBE9FC28F8C5B000B27850 /* modified.png in Resources */ = {isa = PBXBuildFile; fileRef = 27DBE9FB28F8C5B000B27850 /* modified.png */; };
		27DBEA0028F9575D00B27850 /* modified_4.png in Resources */ = {isa = PBXBuildFile; fileRef = 27DBE9FF28F9575D00B27850 /* modified_4.png */; };
		27DBEA0628F95E2200B27850 /* MMCQ.swift in Sources */ = {isa = PBXBuildFile; fileRef = 27DBEA0428F95E2200B27850 /* MMCQ.swift */; };
		27DBEA0728F95E2200B27850 /* ColorThief.swift in Sources */ = {isa = PBXBuildFile; fileRef = 27DBEA0528F95E2200B27850 /* ColorThief.swift */; };
		27DBEA0A28FAEBB600B27850 /* FloatingPanel in Frameworks */ = {isa = PBXBuildFile; productRef = 27DBEA0928FAEBB600B27850 /* FloatingPanel */; };
		27DBEA1528FAECB800B27850 /* View+floatingPanelContentMode.swift in Sources */ = {isa = PBXBuildFile; fileRef = 27DBEA0D28FAECB700B27850 /* View+floatingPanelContentMode.swift */; };
		27DBEA1628FAECB800B27850 /* View+floatingPanelGrabberHandlePadding.swift in Sources */ = {isa = PBXBuildFile; fileRef = 27DBEA0E28FAECB700B27850 /* View+floatingPanelGrabberHandlePadding.swift */; };
		27DBEA1728FAECB800B27850 /* UIHostingController+ignoreKeyboard.swift in Sources */ = {isa = PBXBuildFile; fileRef = 27DBEA0F28FAECB700B27850 /* UIHostingController+ignoreKeyboard.swift */; };
		27DBEA1828FAECB800B27850 /* View+floatingPanelSurfaceAppearance.swift in Sources */ = {isa = PBXBuildFile; fileRef = 27DBEA1028FAECB700B27850 /* View+floatingPanelSurfaceAppearance.swift */; };
		27DBEA1928FAECB800B27850 /* FloatingPanelView.swift in Sources */ = {isa = PBXBuildFile; fileRef = 27DBEA1128FAECB700B27850 /* FloatingPanelView.swift */; };
		27DBEA1A28FAECB800B27850 /* View+floatingPanelContentInsetAdjustmentBehavior.swift in Sources */ = {isa = PBXBuildFile; fileRef = 27DBEA1228FAECB700B27850 /* View+floatingPanelContentInsetAdjustmentBehavior.swift */; };
		27DBEA1B28FAECB800B27850 /* View+floatingPanel.swift in Sources */ = {isa = PBXBuildFile; fileRef = 27DBEA1328FAECB700B27850 /* View+floatingPanel.swift */; };
		27DED94D2906A08E00CE9095 /* RoundedCorner.swift in Sources */ = {isa = PBXBuildFile; fileRef = 27DED94C2906A08E00CE9095 /* RoundedCorner.swift */; };
		27DED9502906C27C00CE9095 /* Crate.xcdatamodeld in Sources */ = {isa = PBXBuildFile; fileRef = 27DED94E2906C27C00CE9095 /* Crate.xcdatamodeld */; };
		27DED9522906C3FD00CE9095 /* DataController.swift in Sources */ = {isa = PBXBuildFile; fileRef = 27DED9512906C3FD00CE9095 /* DataController.swift */; };
		27DED9902906D5A800CE9095 /* BoundingBox.swift in Sources */ = {isa = PBXBuildFile; fileRef = 27DED98F2906D5A800CE9095 /* BoundingBox.swift */; };
		27DED9922906E77700CE9095 /* Sequence+Extensions.swift in Sources */ = {isa = PBXBuildFile; fileRef = 27DED9912906E77700CE9095 /* Sequence+Extensions.swift */; };
		27DED9942907409600CE9095 /* DemoPanelDelegate.swift in Sources */ = {isa = PBXBuildFile; fileRef = 27DED9932907409600CE9095 /* DemoPanelDelegate.swift */; };
		27DED9962907483400CE9095 /* PictureEntryViewModel.swift in Sources */ = {isa = PBXBuildFile; fileRef = 27DED9952907483400CE9095 /* PictureEntryViewModel.swift */; };
		27DED99A290749E100CE9095 /* SettingsPanelDelegate.swift in Sources */ = {isa = PBXBuildFile; fileRef = 27DED999290749E100CE9095 /* SettingsPanelDelegate.swift */; };
/* End PBXBuildFile section */

/* Begin PBXContainerItemProxy section */
		27020DF728F6C49C00C94312 /* PBXContainerItemProxy */ = {
			isa = PBXContainerItemProxy;
			containerPortal = 27020DD828F6C49C00C94312 /* Project object */;
			proxyType = 1;
			remoteGlobalIDString = 27020DDF28F6C49C00C94312;
			remoteInfo = Crate;
		};
		27020E0128F6C49C00C94312 /* PBXContainerItemProxy */ = {
			isa = PBXContainerItemProxy;
			containerPortal = 27020DD828F6C49C00C94312 /* Project object */;
			proxyType = 1;
			remoteGlobalIDString = 27020DDF28F6C49C00C94312;
			remoteInfo = Crate;
		};
/* End PBXContainerItemProxy section */

/* Begin PBXFileReference section */
		27020DE028F6C49C00C94312 /* Crate.app */ = {isa = PBXFileReference; explicitFileType = wrapper.application; includeInIndex = 0; path = Crate.app; sourceTree = BUILT_PRODUCTS_DIR; };
		27020DE328F6C49C00C94312 /* CrateApp.swift */ = {isa = PBXFileReference; lastKnownFileType = sourcecode.swift; path = CrateApp.swift; sourceTree = "<group>"; };
		27020DE528F6C49C00C94312 /* HomeView.swift */ = {isa = PBXFileReference; lastKnownFileType = sourcecode.swift; path = HomeView.swift; sourceTree = "<group>"; };
		27020DE728F6C49C00C94312 /* Assets.xcassets */ = {isa = PBXFileReference; lastKnownFileType = folder.assetcatalog; path = Assets.xcassets; sourceTree = "<group>"; };
		27020DEA28F6C49C00C94312 /* Preview Assets.xcassets */ = {isa = PBXFileReference; lastKnownFileType = folder.assetcatalog; path = "Preview Assets.xcassets"; sourceTree = "<group>"; };
		27020DF128F6C49C00C94312 /* Info.plist */ = {isa = PBXFileReference; lastKnownFileType = text.plist.xml; path = Info.plist; sourceTree = "<group>"; };
		27020DF628F6C49C00C94312 /* CrateTests.xctest */ = {isa = PBXFileReference; explicitFileType = wrapper.cfbundle; includeInIndex = 0; path = CrateTests.xctest; sourceTree = BUILT_PRODUCTS_DIR; };
		27020DFA28F6C49C00C94312 /* CrateTests.swift */ = {isa = PBXFileReference; lastKnownFileType = sourcecode.swift; path = CrateTests.swift; sourceTree = "<group>"; };
		27020E0028F6C49C00C94312 /* CrateUITests.xctest */ = {isa = PBXFileReference; explicitFileType = wrapper.cfbundle; includeInIndex = 0; path = CrateUITests.xctest; sourceTree = BUILT_PRODUCTS_DIR; };
		27020E0428F6C49C00C94312 /* CrateUITests.swift */ = {isa = PBXFileReference; lastKnownFileType = sourcecode.swift; path = CrateUITests.swift; sourceTree = "<group>"; };
		27020E0628F6C49C00C94312 /* CrateUITestsLaunchTests.swift */ = {isa = PBXFileReference; lastKnownFileType = sourcecode.swift; path = CrateUITestsLaunchTests.swift; sourceTree = "<group>"; };
		27020E1328F6D39A00C94312 /* ImagePicker.swift */ = {isa = PBXFileReference; lastKnownFileType = sourcecode.swift; path = ImagePicker.swift; sourceTree = "<group>"; };
		27020E1528F6D88C00C94312 /* ImageReview.swift */ = {isa = PBXFileReference; lastKnownFileType = sourcecode.swift; path = ImageReview.swift; sourceTree = "<group>"; };
		27020E1828F6D8C800C94312 /* represent.jpeg */ = {isa = PBXFileReference; lastKnownFileType = image.jpeg; path = represent.jpeg; sourceTree = "<group>"; };
		27020E1B28F75F6000C94312 /* PersonSegmenter.swift */ = {isa = PBXFileReference; lastKnownFileType = sourcecode.swift; path = PersonSegmenter.swift; sourceTree = "<group>"; };
		27020E1D28F75FE500C94312 /* ImageProcessor.swift */ = {isa = PBXFileReference; lastKnownFileType = sourcecode.swift; path = ImageProcessor.swift; sourceTree = "<group>"; };
		27020E2028F762F800C94312 /* UIImage+Extensions.swift */ = {isa = PBXFileReference; lastKnownFileType = sourcecode.swift; path = "UIImage+Extensions.swift"; sourceTree = "<group>"; };
		27020E2328F7680600C94312 /* Notification+Extensions.swift */ = {isa = PBXFileReference; lastKnownFileType = sourcecode.swift; path = "Notification+Extensions.swift"; sourceTree = "<group>"; };
		270953F8291A9D4100645133 /* UIColor+Hex.swift */ = {isa = PBXFileReference; lastKnownFileType = sourcecode.swift; path = "UIColor+Hex.swift"; sourceTree = "<group>"; };
		275203522917D60D0076C4B5 /* HomeSettingsView.swift */ = {isa = PBXFileReference; lastKnownFileType = sourcecode.swift; path = HomeSettingsView.swift; sourceTree = "<group>"; };
		2752035D2918766E0076C4B5 /* FullScreenHostingController.swift */ = {isa = PBXFileReference; lastKnownFileType = sourcecode.swift; path = FullScreenHostingController.swift; sourceTree = "<group>"; };
		27748E3528FCB87C00013857 /* EmojiTextField.swift */ = {isa = PBXFileReference; lastKnownFileType = sourcecode.swift; path = EmojiTextField.swift; sourceTree = "<group>"; };
		278F956828FD82920052D319 /* CGRect+Extensions.swift */ = {isa = PBXFileReference; lastKnownFileType = sourcecode.swift; path = "CGRect+Extensions.swift"; sourceTree = "<group>"; };
		27A4452228FD5DFB00BBB91D /* outfit.jpeg */ = {isa = PBXFileReference; lastKnownFileType = image.jpeg; path = outfit.jpeg; sourceTree = "<group>"; };
		27A8EEA028FC1252004DDCE9 /* IMG_2923.PNG */ = {isa = PBXFileReference; lastKnownFileType = image.png; path = IMG_2923.PNG; sourceTree = "<group>"; };
		27A8EEA228FC1267004DDCE9 /* TextProcessor.swift */ = {isa = PBXFileReference; lastKnownFileType = sourcecode.swift; path = TextProcessor.swift; sourceTree = "<group>"; };
		27A8EEA428FC3B98004DDCE9 /* ImageReviewViewModel.swift */ = {isa = PBXFileReference; lastKnownFileType = sourcecode.swift; path = ImageReviewViewModel.swift; sourceTree = "<group>"; };
		27A8EEA628FC9CE3004DDCE9 /* FolderSelectionView.swift */ = {isa = PBXFileReference; lastKnownFileType = sourcecode.swift; path = FolderSelectionView.swift; sourceTree = "<group>"; };
		27A8EEA828FCAF7C004DDCE9 /* FolderCreationView.swift */ = {isa = PBXFileReference; lastKnownFileType = sourcecode.swift; path = FolderCreationView.swift; sourceTree = "<group>"; };
		27AB590C2919929F00F4DB62 /* ImagePinchToZoom.swift */ = {isa = PBXFileReference; lastKnownFileType = sourcecode.swift; path = ImagePinchToZoom.swift; sourceTree = "<group>"; };
		27AB590E291A770600F4DB62 /* FolderDetailView.swift */ = {isa = PBXFileReference; lastKnownFileType = sourcecode.swift; path = FolderDetailView.swift; sourceTree = "<group>"; };
		27AB5910291A951800F4DB62 /* Modal.swift */ = {isa = PBXFileReference; lastKnownFileType = sourcecode.swift; path = Modal.swift; sourceTree = "<group>"; };
		27AB5912291A979B00F4DB62 /* UINavigationController+Back.swift */ = {isa = PBXFileReference; lastKnownFileType = sourcecode.swift; path = "UINavigationController+Back.swift"; sourceTree = "<group>"; };
		27AB5915291A98DA00F4DB62 /* PartialModalHostingController.swift */ = {isa = PBXFileReference; lastKnownFileType = sourcecode.swift; path = PartialModalHostingController.swift; sourceTree = "<group>"; };
		27D604CA28FDF25F00B4B3F2 /* CancelToolbarButton.swift */ = {isa = PBXFileReference; lastKnownFileType = sourcecode.swift; path = CancelToolbarButton.swift; sourceTree = "<group>"; };
		27DBE9E728F8655E00B27850 /* Folder.swift */ = {isa = PBXFileReference; lastKnownFileType = sourcecode.swift; path = Folder.swift; sourceTree = "<group>"; };
		27DBE9EA28F8658400B27850 /* Separator.swift */ = {isa = PBXFileReference; lastKnownFileType = sourcecode.swift; path = Separator.swift; sourceTree = "<group>"; };
		27DBE9ED28F8669400B27850 /* ImageStorage.swift */ = {isa = PBXFileReference; lastKnownFileType = sourcecode.swift; path = ImageStorage.swift; sourceTree = "<group>"; };
		27DBE9EF28F8A70D00B27850 /* Color+Codable.swift */ = {isa = PBXFileReference; lastKnownFileType = sourcecode.swift; path = "Color+Codable.swift"; sourceTree = "<group>"; };
		27DBE9F128F8AAE800B27850 /* ImagePayload.swift */ = {isa = PBXFileReference; lastKnownFileType = sourcecode.swift; path = ImagePayload.swift; sourceTree = "<group>"; };
		27DBE9F528F8BB9100B27850 /* ImageDetailView.swift */ = {isa = PBXFileReference; lastKnownFileType = sourcecode.swift; path = ImageDetailView.swift; sourceTree = "<group>"; };
		27DBE9FB28F8C5B000B27850 /* modified.png */ = {isa = PBXFileReference; lastKnownFileType = image.png; path = modified.png; sourceTree = "<group>"; };
		27DBE9FF28F9575D00B27850 /* modified_4.png */ = {isa = PBXFileReference; lastKnownFileType = image.png; path = modified_4.png; sourceTree = "<group>"; };
		27DBEA0428F95E2200B27850 /* MMCQ.swift */ = {isa = PBXFileReference; fileEncoding = 4; lastKnownFileType = sourcecode.swift; path = MMCQ.swift; sourceTree = "<group>"; };
		27DBEA0528F95E2200B27850 /* ColorThief.swift */ = {isa = PBXFileReference; fileEncoding = 4; lastKnownFileType = sourcecode.swift; path = ColorThief.swift; sourceTree = "<group>"; };
		27DBEA0D28FAECB700B27850 /* View+floatingPanelContentMode.swift */ = {isa = PBXFileReference; fileEncoding = 4; lastKnownFileType = sourcecode.swift; path = "View+floatingPanelContentMode.swift"; sourceTree = "<group>"; };
		27DBEA0E28FAECB700B27850 /* View+floatingPanelGrabberHandlePadding.swift */ = {isa = PBXFileReference; fileEncoding = 4; lastKnownFileType = sourcecode.swift; path = "View+floatingPanelGrabberHandlePadding.swift"; sourceTree = "<group>"; };
		27DBEA0F28FAECB700B27850 /* UIHostingController+ignoreKeyboard.swift */ = {isa = PBXFileReference; fileEncoding = 4; lastKnownFileType = sourcecode.swift; path = "UIHostingController+ignoreKeyboard.swift"; sourceTree = "<group>"; };
		27DBEA1028FAECB700B27850 /* View+floatingPanelSurfaceAppearance.swift */ = {isa = PBXFileReference; fileEncoding = 4; lastKnownFileType = sourcecode.swift; path = "View+floatingPanelSurfaceAppearance.swift"; sourceTree = "<group>"; };
		27DBEA1128FAECB700B27850 /* FloatingPanelView.swift */ = {isa = PBXFileReference; fileEncoding = 4; lastKnownFileType = sourcecode.swift; path = FloatingPanelView.swift; sourceTree = "<group>"; };
		27DBEA1228FAECB700B27850 /* View+floatingPanelContentInsetAdjustmentBehavior.swift */ = {isa = PBXFileReference; fileEncoding = 4; lastKnownFileType = sourcecode.swift; path = "View+floatingPanelContentInsetAdjustmentBehavior.swift"; sourceTree = "<group>"; };
		27DBEA1328FAECB700B27850 /* View+floatingPanel.swift */ = {isa = PBXFileReference; fileEncoding = 4; lastKnownFileType = sourcecode.swift; path = "View+floatingPanel.swift"; sourceTree = "<group>"; };
		27DED94C2906A08E00CE9095 /* RoundedCorner.swift */ = {isa = PBXFileReference; lastKnownFileType = sourcecode.swift; path = RoundedCorner.swift; sourceTree = "<group>"; };
		27DED94F2906C27C00CE9095 /* Crate.xcdatamodel */ = {isa = PBXFileReference; lastKnownFileType = wrapper.xcdatamodel; path = Crate.xcdatamodel; sourceTree = "<group>"; };
		27DED9512906C3FD00CE9095 /* DataController.swift */ = {isa = PBXFileReference; lastKnownFileType = sourcecode.swift; path = DataController.swift; sourceTree = "<group>"; };
		27DED98F2906D5A800CE9095 /* BoundingBox.swift */ = {isa = PBXFileReference; lastKnownFileType = sourcecode.swift; path = BoundingBox.swift; sourceTree = "<group>"; };
		27DED9912906E77700CE9095 /* Sequence+Extensions.swift */ = {isa = PBXFileReference; lastKnownFileType = sourcecode.swift; path = "Sequence+Extensions.swift"; sourceTree = "<group>"; };
		27DED9932907409600CE9095 /* DemoPanelDelegate.swift */ = {isa = PBXFileReference; lastKnownFileType = sourcecode.swift; path = DemoPanelDelegate.swift; sourceTree = "<group>"; };
		27DED9952907483400CE9095 /* PictureEntryViewModel.swift */ = {isa = PBXFileReference; lastKnownFileType = sourcecode.swift; path = PictureEntryViewModel.swift; sourceTree = "<group>"; };
		27DED999290749E100CE9095 /* SettingsPanelDelegate.swift */ = {isa = PBXFileReference; lastKnownFileType = sourcecode.swift; path = SettingsPanelDelegate.swift; sourceTree = "<group>"; };
/* End PBXFileReference section */

/* Begin PBXFrameworksBuildPhase section */
		27020DDD28F6C49C00C94312 /* Frameworks */ = {
			isa = PBXFrameworksBuildPhase;
			buildActionMask = 2147483647;
			files = (
				27DBEA0A28FAEBB600B27850 /* FloatingPanel in Frameworks */,
				275203592917F8050076C4B5 /* Introspect in Frameworks */,
				2752035C291876360076C4B5 /* PanModal in Frameworks */,
			);
			runOnlyForDeploymentPostprocessing = 0;
		};
		27020DF328F6C49C00C94312 /* Frameworks */ = {
			isa = PBXFrameworksBuildPhase;
			buildActionMask = 2147483647;
			files = (
			);
			runOnlyForDeploymentPostprocessing = 0;
		};
		27020DFD28F6C49C00C94312 /* Frameworks */ = {
			isa = PBXFrameworksBuildPhase;
			buildActionMask = 2147483647;
			files = (
			);
			runOnlyForDeploymentPostprocessing = 0;
		};
/* End PBXFrameworksBuildPhase section */

/* Begin PBXGroup section */
		27020DD728F6C49C00C94312 = {
			isa = PBXGroup;
			children = (
				27020DE228F6C49C00C94312 /* Crate */,
				27020DF928F6C49C00C94312 /* CrateTests */,
				27020E0328F6C49C00C94312 /* CrateUITests */,
				27020DE128F6C49C00C94312 /* Products */,
			);
			sourceTree = "<group>";
		};
		27020DE128F6C49C00C94312 /* Products */ = {
			isa = PBXGroup;
			children = (
				27020DE028F6C49C00C94312 /* Crate.app */,
				27020DF628F6C49C00C94312 /* CrateTests.xctest */,
				27020E0028F6C49C00C94312 /* CrateUITests.xctest */,
			);
			name = Products;
			sourceTree = "<group>";
		};
		27020DE228F6C49C00C94312 /* Crate */ = {
			isa = PBXGroup;
			children = (
				27020DE328F6C49C00C94312 /* CrateApp.swift */,
				27020DE528F6C49C00C94312 /* HomeView.swift */,
				27AB590E291A770600F4DB62 /* FolderDetailView.swift */,
				27DED9512906C3FD00CE9095 /* DataController.swift */,
				275203512917D5FA0076C4B5 /* Settings */,
				27DED9982907485B00CE9095 /* Pick */,
				27DED9972907485100CE9095 /* Detail */,
				27DBE9E928F8656500B27850 /* Models */,
				27020E1F28F7609C00C94312 /* Processors */,
				27DBE9EC28F8658800B27850 /* UI Elements */,
				27AB5914291A98C400F4DB62 /* Modal */,
				27020E2228F767FE00C94312 /* Extensions */,
				27DBEA0B28FAEBF800B27850 /* FloatingPanel */,
				27020E1828F6D8C800C94312 /* represent.jpeg */,
				27020DE728F6C49C00C94312 /* Assets.xcassets */,
				27DBE9FB28F8C5B000B27850 /* modified.png */,
				27DBE9FF28F9575D00B27850 /* modified_4.png */,
				27A8EEA028FC1252004DDCE9 /* IMG_2923.PNG */,
				27A4452228FD5DFB00BBB91D /* outfit.jpeg */,
				27020DF128F6C49C00C94312 /* Info.plist */,
				27020DE928F6C49C00C94312 /* Preview Content */,
			);
			path = Crate;
			sourceTree = "<group>";
		};
		27020DE928F6C49C00C94312 /* Preview Content */ = {
			isa = PBXGroup;
			children = (
				27020DEA28F6C49C00C94312 /* Preview Assets.xcassets */,
			);
			path = "Preview Content";
			sourceTree = "<group>";
		};
		27020DF928F6C49C00C94312 /* CrateTests */ = {
			isa = PBXGroup;
			children = (
				27020DFA28F6C49C00C94312 /* CrateTests.swift */,
			);
			path = CrateTests;
			sourceTree = "<group>";
		};
		27020E0328F6C49C00C94312 /* CrateUITests */ = {
			isa = PBXGroup;
			children = (
				27020E0428F6C49C00C94312 /* CrateUITests.swift */,
				27020E0628F6C49C00C94312 /* CrateUITestsLaunchTests.swift */,
			);
			path = CrateUITests;
			sourceTree = "<group>";
		};
		27020E1F28F7609C00C94312 /* Processors */ = {
			isa = PBXGroup;
			children = (
				27020E1D28F75FE500C94312 /* ImageProcessor.swift */,
				27020E1B28F75F6000C94312 /* PersonSegmenter.swift */,
				27A8EEA228FC1267004DDCE9 /* TextProcessor.swift */,
			);
			path = Processors;
			sourceTree = "<group>";
		};
		27020E2228F767FE00C94312 /* Extensions */ = {
			isa = PBXGroup;
			children = (
				27020E2028F762F800C94312 /* UIImage+Extensions.swift */,
				27DBE9EF28F8A70D00B27850 /* Color+Codable.swift */,
				270953F8291A9D4100645133 /* UIColor+Hex.swift */,
				27020E2328F7680600C94312 /* Notification+Extensions.swift */,
				27DBEA0528F95E2200B27850 /* ColorThief.swift */,
				278F956828FD82920052D319 /* CGRect+Extensions.swift */,
				27DBEA0428F95E2200B27850 /* MMCQ.swift */,
				27DED9912906E77700CE9095 /* Sequence+Extensions.swift */,
				27AB590C2919929F00F4DB62 /* ImagePinchToZoom.swift */,
				27AB5912291A979B00F4DB62 /* UINavigationController+Back.swift */,
			);
			path = Extensions;
			sourceTree = "<group>";
		};
		275203512917D5FA0076C4B5 /* Settings */ = {
			isa = PBXGroup;
			children = (
				275203522917D60D0076C4B5 /* HomeSettingsView.swift */,
				27DED999290749E100CE9095 /* SettingsPanelDelegate.swift */,
			);
			path = Settings;
			sourceTree = "<group>";
		};
		27AB5914291A98C400F4DB62 /* Modal */ = {
			isa = PBXGroup;
			children = (
				27AB5910291A951800F4DB62 /* Modal.swift */,
				2752035D2918766E0076C4B5 /* FullScreenHostingController.swift */,
				27AB5915291A98DA00F4DB62 /* PartialModalHostingController.swift */,
			);
			path = Modal;
			sourceTree = "<group>";
		};
		27DBE9E928F8656500B27850 /* Models */ = {
			isa = PBXGroup;
			children = (
				27DED94E2906C27C00CE9095 /* Crate.xcdatamodeld */,
				27DBE9E728F8655E00B27850 /* Folder.swift */,
				27DBE9F128F8AAE800B27850 /* ImagePayload.swift */,
				27DED98F2906D5A800CE9095 /* BoundingBox.swift */,
				27DBE9ED28F8669400B27850 /* ImageStorage.swift */,
			);
			path = Models;
			sourceTree = "<group>";
		};
		27DBE9EC28F8658800B27850 /* UI Elements */ = {
			isa = PBXGroup;
			children = (
				27DBE9EA28F8658400B27850 /* Separator.swift */,
				27DED94C2906A08E00CE9095 /* RoundedCorner.swift */,
				27748E3528FCB87C00013857 /* EmojiTextField.swift */,
				27D604CA28FDF25F00B4B3F2 /* CancelToolbarButton.swift */,
			);
			path = "UI Elements";
			sourceTree = "<group>";
		};
		27DBEA0B28FAEBF800B27850 /* FloatingPanel */ = {
			isa = PBXGroup;
			children = (
				27DBEA1128FAECB700B27850 /* FloatingPanelView.swift */,
				27DBEA0F28FAECB700B27850 /* UIHostingController+ignoreKeyboard.swift */,
				27DBEA1328FAECB700B27850 /* View+floatingPanel.swift */,
				27DBEA1228FAECB700B27850 /* View+floatingPanelContentInsetAdjustmentBehavior.swift */,
				27DBEA0D28FAECB700B27850 /* View+floatingPanelContentMode.swift */,
				27DBEA0E28FAECB700B27850 /* View+floatingPanelGrabberHandlePadding.swift */,
				27DBEA1028FAECB700B27850 /* View+floatingPanelSurfaceAppearance.swift */,
				27DED9932907409600CE9095 /* DemoPanelDelegate.swift */,
			);
			path = FloatingPanel;
			sourceTree = "<group>";
		};
		27DED9972907485100CE9095 /* Detail */ = {
			isa = PBXGroup;
			children = (
				27A8EEA628FC9CE3004DDCE9 /* FolderSelectionView.swift */,
				27A8EEA828FCAF7C004DDCE9 /* FolderCreationView.swift */,
				27DED9952907483400CE9095 /* PictureEntryViewModel.swift */,
				27DBE9F528F8BB9100B27850 /* ImageDetailView.swift */,
			);
			path = Detail;
			sourceTree = "<group>";
		};
		27DED9982907485B00CE9095 /* Pick */ = {
			isa = PBXGroup;
			children = (
				27020E1528F6D88C00C94312 /* ImageReview.swift */,
				27A8EEA428FC3B98004DDCE9 /* ImageReviewViewModel.swift */,
				27020E1328F6D39A00C94312 /* ImagePicker.swift */,
			);
			path = Pick;
			sourceTree = "<group>";
		};
/* End PBXGroup section */

/* Begin PBXNativeTarget section */
		27020DDF28F6C49C00C94312 /* Crate */ = {
			isa = PBXNativeTarget;
			buildConfigurationList = 27020E0A28F6C49C00C94312 /* Build configuration list for PBXNativeTarget "Crate" */;
			buildPhases = (
				27020DDC28F6C49C00C94312 /* Sources */,
				27020DDD28F6C49C00C94312 /* Frameworks */,
				27020DDE28F6C49C00C94312 /* Resources */,
			);
			buildRules = (
			);
			dependencies = (
			);
			name = Crate;
			packageProductDependencies = (
				27DBEA0928FAEBB600B27850 /* FloatingPanel */,
				275203582917F8050076C4B5 /* Introspect */,
				2752035B291876360076C4B5 /* PanModal */,
			);
			productName = Crate;
			productReference = 27020DE028F6C49C00C94312 /* Crate.app */;
			productType = "com.apple.product-type.application";
		};
		27020DF528F6C49C00C94312 /* CrateTests */ = {
			isa = PBXNativeTarget;
			buildConfigurationList = 27020E0D28F6C49C00C94312 /* Build configuration list for PBXNativeTarget "CrateTests" */;
			buildPhases = (
				27020DF228F6C49C00C94312 /* Sources */,
				27020DF328F6C49C00C94312 /* Frameworks */,
				27020DF428F6C49C00C94312 /* Resources */,
			);
			buildRules = (
			);
			dependencies = (
				27020DF828F6C49C00C94312 /* PBXTargetDependency */,
			);
			name = CrateTests;
			productName = CrateTests;
			productReference = 27020DF628F6C49C00C94312 /* CrateTests.xctest */;
			productType = "com.apple.product-type.bundle.unit-test";
		};
		27020DFF28F6C49C00C94312 /* CrateUITests */ = {
			isa = PBXNativeTarget;
			buildConfigurationList = 27020E1028F6C49C00C94312 /* Build configuration list for PBXNativeTarget "CrateUITests" */;
			buildPhases = (
				27020DFC28F6C49C00C94312 /* Sources */,
				27020DFD28F6C49C00C94312 /* Frameworks */,
				27020DFE28F6C49C00C94312 /* Resources */,
			);
			buildRules = (
			);
			dependencies = (
				27020E0228F6C49C00C94312 /* PBXTargetDependency */,
			);
			name = CrateUITests;
			productName = CrateUITests;
			productReference = 27020E0028F6C49C00C94312 /* CrateUITests.xctest */;
			productType = "com.apple.product-type.bundle.ui-testing";
		};
/* End PBXNativeTarget section */

/* Begin PBXProject section */
		27020DD828F6C49C00C94312 /* Project object */ = {
			isa = PBXProject;
			attributes = {
				BuildIndependentTargetsInParallel = 1;
				LastSwiftUpdateCheck = 1400;
				LastUpgradeCheck = 1400;
				TargetAttributes = {
					27020DDF28F6C49C00C94312 = {
						CreatedOnToolsVersion = 14.0;
					};
					27020DF528F6C49C00C94312 = {
						CreatedOnToolsVersion = 14.0;
						TestTargetID = 27020DDF28F6C49C00C94312;
					};
					27020DFF28F6C49C00C94312 = {
						CreatedOnToolsVersion = 14.0;
						TestTargetID = 27020DDF28F6C49C00C94312;
					};
				};
			};
			buildConfigurationList = 27020DDB28F6C49C00C94312 /* Build configuration list for PBXProject "Crate" */;
			compatibilityVersion = "Xcode 14.0";
			developmentRegion = en;
			hasScannedForEncodings = 0;
			knownRegions = (
				en,
				Base,
			);
			mainGroup = 27020DD728F6C49C00C94312;
			packageReferences = (
				27DBEA0828FAEBB600B27850 /* XCRemoteSwiftPackageReference "FloatingPanel" */,
				275203572917F8050076C4B5 /* XCRemoteSwiftPackageReference "SwiftUI-Introspect" */,
				2752035A291876360076C4B5 /* XCRemoteSwiftPackageReference "PanModal" */,
			);
			productRefGroup = 27020DE128F6C49C00C94312 /* Products */;
			projectDirPath = "";
			projectRoot = "";
			targets = (
				27020DDF28F6C49C00C94312 /* Crate */,
				27020DF528F6C49C00C94312 /* CrateTests */,
				27020DFF28F6C49C00C94312 /* CrateUITests */,
			);
		};
/* End PBXProject section */

/* Begin PBXResourcesBuildPhase section */
		27020DDE28F6C49C00C94312 /* Resources */ = {
			isa = PBXResourcesBuildPhase;
			buildActionMask = 2147483647;
			files = (
				27020DEB28F6C49C00C94312 /* Preview Assets.xcassets in Resources */,
				27A4452328FD5DFB00BBB91D /* outfit.jpeg in Resources */,
				27020E1A28F6D8C800C94312 /* represent.jpeg in Resources */,
				27A8EEA128FC1252004DDCE9 /* IMG_2923.PNG in Resources */,
				27DBEA0028F9575D00B27850 /* modified_4.png in Resources */,
				27020DE828F6C49C00C94312 /* Assets.xcassets in Resources */,
				27DBE9FC28F8C5B000B27850 /* modified.png in Resources */,
			);
			runOnlyForDeploymentPostprocessing = 0;
		};
		27020DF428F6C49C00C94312 /* Resources */ = {
			isa = PBXResourcesBuildPhase;
			buildActionMask = 2147483647;
			files = (
			);
			runOnlyForDeploymentPostprocessing = 0;
		};
		27020DFE28F6C49C00C94312 /* Resources */ = {
			isa = PBXResourcesBuildPhase;
			buildActionMask = 2147483647;
			files = (
			);
			runOnlyForDeploymentPostprocessing = 0;
		};
/* End PBXResourcesBuildPhase section */

/* Begin PBXSourcesBuildPhase section */
		27020DDC28F6C49C00C94312 /* Sources */ = {
			isa = PBXSourcesBuildPhase;
			buildActionMask = 2147483647;
			files = (
				27DED9922906E77700CE9095 /* Sequence+Extensions.swift in Sources */,
				27AB590F291A770600F4DB62 /* FolderDetailView.swift in Sources */,
				27DBEA0628F95E2200B27850 /* MMCQ.swift in Sources */,
				27DBE9F628F8BB9100B27850 /* ImageDetailView.swift in Sources */,
				27AB590D2919929F00F4DB62 /* ImagePinchToZoom.swift in Sources */,
				27748E3628FCB87C00013857 /* EmojiTextField.swift in Sources */,
				27DBEA1628FAECB800B27850 /* View+floatingPanelGrabberHandlePadding.swift in Sources */,
				27020E1E28F75FE500C94312 /* ImageProcessor.swift in Sources */,
				275203532917D60D0076C4B5 /* HomeSettingsView.swift in Sources */,
				27020E1428F6D39A00C94312 /* ImagePicker.swift in Sources */,
				27DBEA1828FAECB800B27850 /* View+floatingPanelSurfaceAppearance.swift in Sources */,
				27DED9522906C3FD00CE9095 /* DataController.swift in Sources */,
				27D604CB28FDF25F00B4B3F2 /* CancelToolbarButton.swift in Sources */,
				27DED94D2906A08E00CE9095 /* RoundedCorner.swift in Sources */,
				27DBEA1A28FAECB800B27850 /* View+floatingPanelContentInsetAdjustmentBehavior.swift in Sources */,
				27DBE9E828F8655E00B27850 /* Folder.swift in Sources */,
				27DBEA1928FAECB800B27850 /* FloatingPanelView.swift in Sources */,
				27DBE9EE28F8669400B27850 /* ImageStorage.swift in Sources */,
				27020E1628F6D88C00C94312 /* ImageReview.swift in Sources */,
				27DED9942907409600CE9095 /* DemoPanelDelegate.swift in Sources */,
				27020DE628F6C49C00C94312 /* HomeView.swift in Sources */,
				27AB5916291A98DA00F4DB62 /* PartialModalHostingController.swift in Sources */,
				27020E2428F7680600C94312 /* Notification+Extensions.swift in Sources */,
				2752035E2918766E0076C4B5 /* FullScreenHostingController.swift in Sources */,
				27DED99A290749E100CE9095 /* SettingsPanelDelegate.swift in Sources */,
				270953F9291A9D4100645133 /* UIColor+Hex.swift in Sources */,
				27020E2128F762F800C94312 /* UIImage+Extensions.swift in Sources */,
				27DBEA1728FAECB800B27850 /* UIHostingController+ignoreKeyboard.swift in Sources */,
				27A8EEA728FC9CE3004DDCE9 /* FolderSelectionView.swift in Sources */,
				27A8EEA328FC1267004DDCE9 /* TextProcessor.swift in Sources */,
				27DBEA1528FAECB800B27850 /* View+floatingPanelContentMode.swift in Sources */,
				27DBEA0728F95E2200B27850 /* ColorThief.swift in Sources */,
				278F956928FD82920052D319 /* CGRect+Extensions.swift in Sources */,
				27DBE9F028F8A70D00B27850 /* Color+Codable.swift in Sources */,
				27DBE9F228F8AAE800B27850 /* ImagePayload.swift in Sources */,
				27020E1C28F75F6000C94312 /* PersonSegmenter.swift in Sources */,
				27AB5911291A951800F4DB62 /* Modal.swift in Sources */,
				27A8EEA528FC3B98004DDCE9 /* ImageReviewViewModel.swift in Sources */,
				27020DE428F6C49C00C94312 /* CrateApp.swift in Sources */,
				27DED9962907483400CE9095 /* PictureEntryViewModel.swift in Sources */,
				27AB5913291A979B00F4DB62 /* UINavigationController+Back.swift in Sources */,
				27DED9902906D5A800CE9095 /* BoundingBox.swift in Sources */,
				27DBEA1B28FAECB800B27850 /* View+floatingPanel.swift in Sources */,
				27A8EEA928FCAF7C004DDCE9 /* FolderCreationView.swift in Sources */,
				27DBE9EB28F8658400B27850 /* Separator.swift in Sources */,
				27DED9502906C27C00CE9095 /* Crate.xcdatamodeld in Sources */,
			);
			runOnlyForDeploymentPostprocessing = 0;
		};
		27020DF228F6C49C00C94312 /* Sources */ = {
			isa = PBXSourcesBuildPhase;
			buildActionMask = 2147483647;
			files = (
				27020DFB28F6C49C00C94312 /* CrateTests.swift in Sources */,
			);
			runOnlyForDeploymentPostprocessing = 0;
		};
		27020DFC28F6C49C00C94312 /* Sources */ = {
			isa = PBXSourcesBuildPhase;
			buildActionMask = 2147483647;
			files = (
				27020E0728F6C49C00C94312 /* CrateUITestsLaunchTests.swift in Sources */,
				27020E0528F6C49C00C94312 /* CrateUITests.swift in Sources */,
			);
			runOnlyForDeploymentPostprocessing = 0;
		};
/* End PBXSourcesBuildPhase section */

/* Begin PBXTargetDependency section */
		27020DF828F6C49C00C94312 /* PBXTargetDependency */ = {
			isa = PBXTargetDependency;
			target = 27020DDF28F6C49C00C94312 /* Crate */;
			targetProxy = 27020DF728F6C49C00C94312 /* PBXContainerItemProxy */;
		};
		27020E0228F6C49C00C94312 /* PBXTargetDependency */ = {
			isa = PBXTargetDependency;
			target = 27020DDF28F6C49C00C94312 /* Crate */;
			targetProxy = 27020E0128F6C49C00C94312 /* PBXContainerItemProxy */;
		};
/* End PBXTargetDependency section */

/* Begin XCBuildConfiguration section */
		27020E0828F6C49C00C94312 /* Debug */ = {
			isa = XCBuildConfiguration;
			buildSettings = {
				ALWAYS_SEARCH_USER_PATHS = NO;
				CLANG_ANALYZER_NONNULL = YES;
				CLANG_ANALYZER_NUMBER_OBJECT_CONVERSION = YES_AGGRESSIVE;
				CLANG_CXX_LANGUAGE_STANDARD = "gnu++20";
				CLANG_ENABLE_MODULES = YES;
				CLANG_ENABLE_OBJC_ARC = YES;
				CLANG_ENABLE_OBJC_WEAK = YES;
				CLANG_WARN_BLOCK_CAPTURE_AUTORELEASING = YES;
				CLANG_WARN_BOOL_CONVERSION = YES;
				CLANG_WARN_COMMA = YES;
				CLANG_WARN_CONSTANT_CONVERSION = YES;
				CLANG_WARN_DEPRECATED_OBJC_IMPLEMENTATIONS = YES;
				CLANG_WARN_DIRECT_OBJC_ISA_USAGE = YES_ERROR;
				CLANG_WARN_DOCUMENTATION_COMMENTS = YES;
				CLANG_WARN_EMPTY_BODY = YES;
				CLANG_WARN_ENUM_CONVERSION = YES;
				CLANG_WARN_INFINITE_RECURSION = YES;
				CLANG_WARN_INT_CONVERSION = YES;
				CLANG_WARN_NON_LITERAL_NULL_CONVERSION = YES;
				CLANG_WARN_OBJC_IMPLICIT_RETAIN_SELF = YES;
				CLANG_WARN_OBJC_LITERAL_CONVERSION = YES;
				CLANG_WARN_OBJC_ROOT_CLASS = YES_ERROR;
				CLANG_WARN_QUOTED_INCLUDE_IN_FRAMEWORK_HEADER = YES;
				CLANG_WARN_RANGE_LOOP_ANALYSIS = YES;
				CLANG_WARN_STRICT_PROTOTYPES = YES;
				CLANG_WARN_SUSPICIOUS_MOVE = YES;
				CLANG_WARN_UNGUARDED_AVAILABILITY = YES_AGGRESSIVE;
				CLANG_WARN_UNREACHABLE_CODE = YES;
				CLANG_WARN__DUPLICATE_METHOD_MATCH = YES;
				COPY_PHASE_STRIP = NO;
				DEBUG_INFORMATION_FORMAT = dwarf;
				ENABLE_STRICT_OBJC_MSGSEND = YES;
				ENABLE_TESTABILITY = YES;
				GCC_C_LANGUAGE_STANDARD = gnu11;
				GCC_DYNAMIC_NO_PIC = NO;
				GCC_NO_COMMON_BLOCKS = YES;
				GCC_OPTIMIZATION_LEVEL = 0;
				GCC_PREPROCESSOR_DEFINITIONS = (
					"DEBUG=1",
					"$(inherited)",
				);
				GCC_WARN_64_TO_32_BIT_CONVERSION = YES;
				GCC_WARN_ABOUT_RETURN_TYPE = YES_ERROR;
				GCC_WARN_UNDECLARED_SELECTOR = YES;
				GCC_WARN_UNINITIALIZED_AUTOS = YES_AGGRESSIVE;
				GCC_WARN_UNUSED_FUNCTION = YES;
				GCC_WARN_UNUSED_VARIABLE = YES;
				IPHONEOS_DEPLOYMENT_TARGET = 16.0;
				MTL_ENABLE_DEBUG_INFO = INCLUDE_SOURCE;
				MTL_FAST_MATH = YES;
				ONLY_ACTIVE_ARCH = YES;
				SDKROOT = iphoneos;
				SWIFT_ACTIVE_COMPILATION_CONDITIONS = DEBUG;
				SWIFT_OPTIMIZATION_LEVEL = "-Onone";
			};
			name = Debug;
		};
		27020E0928F6C49C00C94312 /* Release */ = {
			isa = XCBuildConfiguration;
			buildSettings = {
				ALWAYS_SEARCH_USER_PATHS = NO;
				CLANG_ANALYZER_NONNULL = YES;
				CLANG_ANALYZER_NUMBER_OBJECT_CONVERSION = YES_AGGRESSIVE;
				CLANG_CXX_LANGUAGE_STANDARD = "gnu++20";
				CLANG_ENABLE_MODULES = YES;
				CLANG_ENABLE_OBJC_ARC = YES;
				CLANG_ENABLE_OBJC_WEAK = YES;
				CLANG_WARN_BLOCK_CAPTURE_AUTORELEASING = YES;
				CLANG_WARN_BOOL_CONVERSION = YES;
				CLANG_WARN_COMMA = YES;
				CLANG_WARN_CONSTANT_CONVERSION = YES;
				CLANG_WARN_DEPRECATED_OBJC_IMPLEMENTATIONS = YES;
				CLANG_WARN_DIRECT_OBJC_ISA_USAGE = YES_ERROR;
				CLANG_WARN_DOCUMENTATION_COMMENTS = YES;
				CLANG_WARN_EMPTY_BODY = YES;
				CLANG_WARN_ENUM_CONVERSION = YES;
				CLANG_WARN_INFINITE_RECURSION = YES;
				CLANG_WARN_INT_CONVERSION = YES;
				CLANG_WARN_NON_LITERAL_NULL_CONVERSION = YES;
				CLANG_WARN_OBJC_IMPLICIT_RETAIN_SELF = YES;
				CLANG_WARN_OBJC_LITERAL_CONVERSION = YES;
				CLANG_WARN_OBJC_ROOT_CLASS = YES_ERROR;
				CLANG_WARN_QUOTED_INCLUDE_IN_FRAMEWORK_HEADER = YES;
				CLANG_WARN_RANGE_LOOP_ANALYSIS = YES;
				CLANG_WARN_STRICT_PROTOTYPES = YES;
				CLANG_WARN_SUSPICIOUS_MOVE = YES;
				CLANG_WARN_UNGUARDED_AVAILABILITY = YES_AGGRESSIVE;
				CLANG_WARN_UNREACHABLE_CODE = YES;
				CLANG_WARN__DUPLICATE_METHOD_MATCH = YES;
				COPY_PHASE_STRIP = NO;
				DEBUG_INFORMATION_FORMAT = "dwarf-with-dsym";
				ENABLE_NS_ASSERTIONS = NO;
				ENABLE_STRICT_OBJC_MSGSEND = YES;
				GCC_C_LANGUAGE_STANDARD = gnu11;
				GCC_NO_COMMON_BLOCKS = YES;
				GCC_WARN_64_TO_32_BIT_CONVERSION = YES;
				GCC_WARN_ABOUT_RETURN_TYPE = YES_ERROR;
				GCC_WARN_UNDECLARED_SELECTOR = YES;
				GCC_WARN_UNINITIALIZED_AUTOS = YES_AGGRESSIVE;
				GCC_WARN_UNUSED_FUNCTION = YES;
				GCC_WARN_UNUSED_VARIABLE = YES;
				IPHONEOS_DEPLOYMENT_TARGET = 16.0;
				MTL_ENABLE_DEBUG_INFO = NO;
				MTL_FAST_MATH = YES;
				SDKROOT = iphoneos;
				SWIFT_COMPILATION_MODE = wholemodule;
				SWIFT_OPTIMIZATION_LEVEL = "-O";
				VALIDATE_PRODUCT = YES;
			};
			name = Release;
		};
		27020E0B28F6C49C00C94312 /* Debug */ = {
			isa = XCBuildConfiguration;
			buildSettings = {
				ASSETCATALOG_COMPILER_APPICON_NAME = AppIcon;
				ASSETCATALOG_COMPILER_GLOBAL_ACCENT_COLOR_NAME = AccentColor;
				CODE_SIGN_STYLE = Automatic;
				CURRENT_PROJECT_VERSION = 1;
				DEVELOPMENT_ASSET_PATHS = "\"Crate/Preview Content\"";
				DEVELOPMENT_TEAM = 7J57M62A98;
				ENABLE_PREVIEWS = YES;
				GENERATE_INFOPLIST_FILE = YES;
				INFOPLIST_KEY_UIApplicationSceneManifest_Generation = YES;
				INFOPLIST_KEY_UIApplicationSupportsIndirectInputEvents = YES;
				INFOPLIST_KEY_UILaunchScreen_Generation = YES;
				INFOPLIST_KEY_UISupportedInterfaceOrientations_iPad = "UIInterfaceOrientationPortrait UIInterfaceOrientationPortraitUpsideDown UIInterfaceOrientationLandscapeLeft UIInterfaceOrientationLandscapeRight";
				INFOPLIST_KEY_UISupportedInterfaceOrientations_iPhone = "UIInterfaceOrientationPortrait UIInterfaceOrientationLandscapeLeft UIInterfaceOrientationLandscapeRight";
				LD_RUNPATH_SEARCH_PATHS = (
					"$(inherited)",
					"@executable_path/Frameworks",
				);
				MARKETING_VERSION = 1.0;
				PRODUCT_BUNDLE_IDENTIFIER = com.mjc.Crate;
				PRODUCT_NAME = "$(TARGET_NAME)";
				SWIFT_EMIT_LOC_STRINGS = YES;
				SWIFT_VERSION = 5.0;
				TARGETED_DEVICE_FAMILY = "1,2";
			};
			name = Debug;
		};
		27020E0C28F6C49C00C94312 /* Release */ = {
			isa = XCBuildConfiguration;
			buildSettings = {
				ASSETCATALOG_COMPILER_APPICON_NAME = AppIcon;
				ASSETCATALOG_COMPILER_GLOBAL_ACCENT_COLOR_NAME = AccentColor;
				CODE_SIGN_STYLE = Automatic;
				CURRENT_PROJECT_VERSION = 1;
				DEVELOPMENT_ASSET_PATHS = "\"Crate/Preview Content\"";
				DEVELOPMENT_TEAM = 7J57M62A98;
				ENABLE_PREVIEWS = YES;
				GENERATE_INFOPLIST_FILE = YES;
				INFOPLIST_KEY_UIApplicationSceneManifest_Generation = YES;
				INFOPLIST_KEY_UIApplicationSupportsIndirectInputEvents = YES;
				INFOPLIST_KEY_UILaunchScreen_Generation = YES;
				INFOPLIST_KEY_UISupportedInterfaceOrientations_iPad = "UIInterfaceOrientationPortrait UIInterfaceOrientationPortraitUpsideDown UIInterfaceOrientationLandscapeLeft UIInterfaceOrientationLandscapeRight";
				INFOPLIST_KEY_UISupportedInterfaceOrientations_iPhone = "UIInterfaceOrientationPortrait UIInterfaceOrientationLandscapeLeft UIInterfaceOrientationLandscapeRight";
				LD_RUNPATH_SEARCH_PATHS = (
					"$(inherited)",
					"@executable_path/Frameworks",
				);
				MARKETING_VERSION = 1.0;
				PRODUCT_BUNDLE_IDENTIFIER = com.mjc.Crate;
				PRODUCT_NAME = "$(TARGET_NAME)";
				SWIFT_EMIT_LOC_STRINGS = YES;
				SWIFT_VERSION = 5.0;
				TARGETED_DEVICE_FAMILY = "1,2";
			};
			name = Release;
		};
		27020E0E28F6C49C00C94312 /* Debug */ = {
			isa = XCBuildConfiguration;
			buildSettings = {
				ALWAYS_EMBED_SWIFT_STANDARD_LIBRARIES = YES;
				BUNDLE_LOADER = "$(TEST_HOST)";
				CODE_SIGN_STYLE = Automatic;
				CURRENT_PROJECT_VERSION = 1;
				DEVELOPMENT_TEAM = 7J57M62A98;
				GENERATE_INFOPLIST_FILE = YES;
				IPHONEOS_DEPLOYMENT_TARGET = 16.0;
				MARKETING_VERSION = 1.0;
				PRODUCT_BUNDLE_IDENTIFIER = com.mjc.CrateTests;
				PRODUCT_NAME = "$(TARGET_NAME)";
				SWIFT_EMIT_LOC_STRINGS = NO;
				SWIFT_VERSION = 5.0;
				TARGETED_DEVICE_FAMILY = "1,2";
				TEST_HOST = "$(BUILT_PRODUCTS_DIR)/Crate.app/$(BUNDLE_EXECUTABLE_FOLDER_PATH)/Crate";
			};
			name = Debug;
		};
		27020E0F28F6C49C00C94312 /* Release */ = {
			isa = XCBuildConfiguration;
			buildSettings = {
				ALWAYS_EMBED_SWIFT_STANDARD_LIBRARIES = YES;
				BUNDLE_LOADER = "$(TEST_HOST)";
				CODE_SIGN_STYLE = Automatic;
				CURRENT_PROJECT_VERSION = 1;
				DEVELOPMENT_TEAM = 7J57M62A98;
				GENERATE_INFOPLIST_FILE = YES;
				IPHONEOS_DEPLOYMENT_TARGET = 16.0;
				MARKETING_VERSION = 1.0;
				PRODUCT_BUNDLE_IDENTIFIER = com.mjc.CrateTests;
				PRODUCT_NAME = "$(TARGET_NAME)";
				SWIFT_EMIT_LOC_STRINGS = NO;
				SWIFT_VERSION = 5.0;
				TARGETED_DEVICE_FAMILY = "1,2";
				TEST_HOST = "$(BUILT_PRODUCTS_DIR)/Crate.app/$(BUNDLE_EXECUTABLE_FOLDER_PATH)/Crate";
			};
			name = Release;
		};
		27020E1128F6C49C00C94312 /* Debug */ = {
			isa = XCBuildConfiguration;
			buildSettings = {
				ALWAYS_EMBED_SWIFT_STANDARD_LIBRARIES = YES;
				CODE_SIGN_STYLE = Automatic;
				CURRENT_PROJECT_VERSION = 1;
				DEVELOPMENT_TEAM = 7J57M62A98;
				GENERATE_INFOPLIST_FILE = YES;
				MARKETING_VERSION = 1.0;
				PRODUCT_BUNDLE_IDENTIFIER = com.mjc.CrateUITests;
				PRODUCT_NAME = "$(TARGET_NAME)";
				SWIFT_EMIT_LOC_STRINGS = NO;
				SWIFT_VERSION = 5.0;
				TARGETED_DEVICE_FAMILY = "1,2";
				TEST_TARGET_NAME = Crate;
			};
			name = Debug;
		};
		27020E1228F6C49C00C94312 /* Release */ = {
			isa = XCBuildConfiguration;
			buildSettings = {
				ALWAYS_EMBED_SWIFT_STANDARD_LIBRARIES = YES;
				CODE_SIGN_STYLE = Automatic;
				CURRENT_PROJECT_VERSION = 1;
				DEVELOPMENT_TEAM = 7J57M62A98;
				GENERATE_INFOPLIST_FILE = YES;
				MARKETING_VERSION = 1.0;
				PRODUCT_BUNDLE_IDENTIFIER = com.mjc.CrateUITests;
				PRODUCT_NAME = "$(TARGET_NAME)";
				SWIFT_EMIT_LOC_STRINGS = NO;
				SWIFT_VERSION = 5.0;
				TARGETED_DEVICE_FAMILY = "1,2";
				TEST_TARGET_NAME = Crate;
			};
			name = Release;
		};
/* End XCBuildConfiguration section */

/* Begin XCConfigurationList section */
		27020DDB28F6C49C00C94312 /* Build configuration list for PBXProject "Crate" */ = {
			isa = XCConfigurationList;
			buildConfigurations = (
				27020E0828F6C49C00C94312 /* Debug */,
				27020E0928F6C49C00C94312 /* Release */,
			);
			defaultConfigurationIsVisible = 0;
			defaultConfigurationName = Release;
		};
		27020E0A28F6C49C00C94312 /* Build configuration list for PBXNativeTarget "Crate" */ = {
			isa = XCConfigurationList;
			buildConfigurations = (
				27020E0B28F6C49C00C94312 /* Debug */,
				27020E0C28F6C49C00C94312 /* Release */,
			);
			defaultConfigurationIsVisible = 0;
			defaultConfigurationName = Release;
		};
		27020E0D28F6C49C00C94312 /* Build configuration list for PBXNativeTarget "CrateTests" */ = {
			isa = XCConfigurationList;
			buildConfigurations = (
				27020E0E28F6C49C00C94312 /* Debug */,
				27020E0F28F6C49C00C94312 /* Release */,
			);
			defaultConfigurationIsVisible = 0;
			defaultConfigurationName = Release;
		};
		27020E1028F6C49C00C94312 /* Build configuration list for PBXNativeTarget "CrateUITests" */ = {
			isa = XCConfigurationList;
			buildConfigurations = (
				27020E1128F6C49C00C94312 /* Debug */,
				27020E1228F6C49C00C94312 /* Release */,
			);
			defaultConfigurationIsVisible = 0;
			defaultConfigurationName = Release;
		};
/* End XCConfigurationList section */

/* Begin XCRemoteSwiftPackageReference section */
		275203572917F8050076C4B5 /* XCRemoteSwiftPackageReference "SwiftUI-Introspect" */ = {
			isa = XCRemoteSwiftPackageReference;
			repositoryURL = "https://github.com/siteline/SwiftUI-Introspect.git";
			requirement = {
				branch = master;
				kind = branch;
			};
		};
		2752035A291876360076C4B5 /* XCRemoteSwiftPackageReference "PanModal" */ = {
			isa = XCRemoteSwiftPackageReference;
			repositoryURL = "https://github.com/slackhq/PanModal.git";
			requirement = {
				branch = master;
				kind = branch;
			};
		};
		27DBEA0828FAEBB600B27850 /* XCRemoteSwiftPackageReference "FloatingPanel" */ = {
			isa = XCRemoteSwiftPackageReference;
			repositoryURL = "https://github.com/scenee/FloatingPanel#swift-package-manager";
			requirement = {
				branch = master;
				kind = branch;
			};
		};
/* End XCRemoteSwiftPackageReference section */

/* Begin XCSwiftPackageProductDependency section */
		275203582917F8050076C4B5 /* Introspect */ = {
			isa = XCSwiftPackageProductDependency;
			package = 275203572917F8050076C4B5 /* XCRemoteSwiftPackageReference "SwiftUI-Introspect" */;
			productName = Introspect;
		};
		2752035B291876360076C4B5 /* PanModal */ = {
			isa = XCSwiftPackageProductDependency;
			package = 2752035A291876360076C4B5 /* XCRemoteSwiftPackageReference "PanModal" */;
			productName = PanModal;
		};
		27DBEA0928FAEBB600B27850 /* FloatingPanel */ = {
			isa = XCSwiftPackageProductDependency;
			package = 27DBEA0828FAEBB600B27850 /* XCRemoteSwiftPackageReference "FloatingPanel" */;
			productName = FloatingPanel;
		};
/* End XCSwiftPackageProductDependency section */

/* Begin XCVersionGroup section */
		27DED94E2906C27C00CE9095 /* Crate.xcdatamodeld */ = {
			isa = XCVersionGroup;
			children = (
				27DED94F2906C27C00CE9095 /* Crate.xcdatamodel */,
			);
			currentVersion = 27DED94F2906C27C00CE9095 /* Crate.xcdatamodel */;
			path = Crate.xcdatamodeld;
			sourceTree = "<group>";
			versionGroupType = wrapper.xcdatamodel;
		};
/* End XCVersionGroup section */
	};
	rootObject = 27020DD828F6C49C00C94312 /* Project object */;
}
