{
  "pins" : [
    {
      "identity" : "floatingpanel#swift-package-manager",
      "kind" : "remoteSourceControl",
      "location" : "https://github.com/scenee/FloatingPanel#swift-package-manager",
      "state" : {
        "branch" : "master",
        "revision" : "162545d7e9eaea6fc131bbe1ef9ba4a73ab46a26"
      }
    },
    {
      "identity" : "swiftui-introspect",
      "kind" : "remoteSourceControl",
      "location" : "https://github.com/siteline/SwiftUI-Introspect.git",
      "state" : {
        "branch" : "master",
        "revision" : "d3cbf32788250741d397cfb5bcd532c37aa1096d"
      }
    }
  ],
  "version" : 2
}
